[[package]]
name = 'common'
source = 'path+from-root-52B6B815DA18898E'
dependencies = ['std']

[[package]]
name = 'core'
source = 'path+from-root-2C66FC65A00ECA96'

[[package]]
name = 'dex'
source = 'member'
dependencies = [
    'common',
    'redstone',
    'std',
]

[[package]]
name = 'redstone'
source = 'git+https://github.com/redstone-finance/redstone-fuel-sdk?tag=0.2.1-pre#d468a12cdd89e0d48a915c35f9ba974d1130c5d9'
dependencies = ['std']

[[package]]
name = 'std'
source = 'git+https://github.com/fuellabs/sway?tag=v0.35.5#49eae2dd93a1957e2a2c2fb3f51b11eb3791fc24'
dependencies = ['core']
